<?xml version="1.0" encoding="utf-8"?>
<Project ToolsVersion="4.0" xmlns="http://schemas.microsoft.com/developer/msbuild/2003">
  <ItemGroup>
    <Filter Include="源文件">
      <UniqueIdentifier>{4FC737F1-C7A5-4376-A066-2A32D752A2FF}</UniqueIdentifier>
      <Extensions>cpp;c;cc;cxx;def;odl;idl;hpj;bat;asm;asmx</Extensions>
    </Filter>
    <Filter Include="头文件">
      <UniqueIdentifier>{93995380-89BD-4b04-88EB-625FBE52EBFB}</UniqueIdentifier>
      <Extensions>h;hh;hpp;hxx;hm;inl;inc;xsd</Extensions>
    </Filter>
    <Filter Include="资源文件">
      <UniqueIdentifier>{67DA6AB6-F800-4c08-8B7A-83BB121AAD01}</UniqueIdentifier>
      <Extensions>rc;ico;cur;bmp;dlg;rc2;rct;bin;rgs;gif;jpg;jpeg;jpe;resx;tiff;tif;png;wav;mfcribbon-ms</Extensions>
    </Filter>
  </ItemGroup>
  <ItemGroup>
    <Text Include="ReadMe.txt" />
  </ItemGroup>
  <ItemGroup>
    <ClInclude Include="Include\ArrayBuffer.h">
      <Filter>头文件</Filter>
    </ClInclude>
    <ClInclude Include="Include\BoxBounds.h">
      <Filter>头文件</Filter>
    </ClInclude>
    <ClInclude Include="Include\Buffer.h">
      <Filter>头文件</Filter>
    </ClInclude>
    <ClInclude Include="Include\ClassConfig.h">
      <Filter>头文件</Filter>
    </ClInclude>
    <ClInclude Include="Include\Camera.h">
      <Filter>头文件</Filter>
    </ClInclude>
    <ClInclude Include="Include\Collidable.h">
      <Filter>头文件</Filter>
    </ClInclude>
    <ClInclude Include="Include\Component.h">
      <Filter>头文件</Filter>
    </ClInclude>
    <ClInclude Include="Include\Debug.h">
      <Filter>头文件</Filter>
    </ClInclude>
    <ClInclude Include="Include\Entity.h">
      <Filter>头文件</Filter>
    </ClInclude>
    <ClInclude Include="Include\FbxParser.h">
      <Filter>头文件</Filter>
    </ClInclude>
    <ClInclude Include="Include\Frustum.h">
      <Filter>头文件</Filter>
    </ClInclude>
    <ClInclude Include="Include\GameCore.h">
      <Filter>头文件</Filter>
    </ClInclude>
    <ClInclude Include="Include\GameObject.h">
      <Filter>头文件</Filter>
    </ClInclude>
    <ClInclude Include="Include\GraphicsCore.h">
      <Filter>头文件</Filter>
    </ClInclude>
    <ClInclude Include="Include\Hash.h">
      <Filter>头文件</Filter>
    </ClInclude>
    <ClInclude Include="Include\Macros.h">
      <Filter>头文件</Filter>
    </ClInclude>
    <ClInclude Include="Include\Material.h">
      <Filter>头文件</Filter>
    </ClInclude>
    <ClInclude Include="Include\MathUtil.h">
      <Filter>头文件</Filter>
    </ClInclude>
    <ClInclude Include="Include\Mesh.h">
      <Filter>头文件</Filter>
    </ClInclude>
    <ClInclude Include="Include\MeshRender.h">
      <Filter>头文件</Filter>
    </ClInclude>
    <ClInclude Include="Include\pch.h">
      <Filter>头文件</Filter>
    </ClInclude>
    <ClInclude Include="Include\Plane.h">
      <Filter>头文件</Filter>
    </ClInclude>
    <ClInclude Include="Include\resource.h">
      <Filter>头文件</Filter>
    </ClInclude>
    <ClInclude Include="Include\SceneManager.h">
      <Filter>头文件</Filter>
    </ClInclude>
    <ClInclude Include="Include\SceneNode.h">
      <Filter>头文件</Filter>
    </ClInclude>
    <ClInclude Include="Include\Serializable.h">
      <Filter>头文件</Filter>
    </ClInclude>
    <ClInclude Include="Include\Shader.h">
      <Filter>头文件</Filter>
    </ClInclude>
    <ClInclude Include="Include\Singleton.h">
      <Filter>头文件</Filter>
    </ClInclude>
    <ClInclude Include="Include\TypeComparable.h">
      <Filter>头文件</Filter>
    </ClInclude>
    <ClInclude Include="Include\Utility.h">
      <Filter>头文件</Filter>
    </ClInclude>
    <ClInclude Include="Include\EnumConfig.h">
      <Filter>头文件</Filter>
    </ClInclude>
    <ClInclude Include="Include\Matrix.h">
      <Filter>头文件</Filter>
    </ClInclude>
    <ClInclude Include="Include\Quaternion.h">
      <Filter>头文件</Filter>
    </ClInclude>
    <ClInclude Include="Include\Vector.h">
      <Filter>头文件</Filter>
    </ClInclude>
  </ItemGroup>
  <ItemGroup>
    <ClCompile Include="Src\BoxBounds.cpp">
      <Filter>源文件</Filter>
    </ClCompile>
    <ClCompile Include="Src\Camera.cpp">
      <Filter>源文件</Filter>
    </ClCompile>
    <ClCompile Include="Src\Component.cpp">
      <Filter>源文件</Filter>
    </ClCompile>
    <ClCompile Include="Src\Debug.cpp">
      <Filter>源文件</Filter>
    </ClCompile>
    <ClCompile Include="Src\Entity.cpp">
      <Filter>源文件</Filter>
    </ClCompile>
    <ClCompile Include="Src\FbxParser.cpp">
      <Filter>源文件</Filter>
    </ClCompile>
    <ClCompile Include="Src\Frustum.cpp">
      <Filter>源文件</Filter>
    </ClCompile>
    <ClCompile Include="Src\GameCore.cpp">
      <Filter>源文件</Filter>
    </ClCompile>
    <ClCompile Include="Src\GameObject.cpp">
      <Filter>源文件</Filter>
    </ClCompile>
    <ClCompile Include="Src\GraphicsCore.cpp">
      <Filter>源文件</Filter>
    </ClCompile>
    <ClCompile Include="Src\Material.cpp">
      <Filter>源文件</Filter>
    </ClCompile>
    <ClCompile Include="Src\MathUtil.cpp">
      <Filter>源文件</Filter>
    </ClCompile>
    <ClCompile Include="Src\MeshRender.cpp">
      <Filter>源文件</Filter>
    </ClCompile>
    <ClCompile Include="Src\Plane.cpp">
      <Filter>源文件</Filter>
    </ClCompile>
    <ClCompile Include="Src\SceneManager.cpp">
      <Filter>源文件</Filter>
    </ClCompile>
    <ClCompile Include="Src\Serializable.cpp">
      <Filter>源文件</Filter>
    </ClCompile>
    <ClCompile Include="Src\Shader.cpp">
      <Filter>源文件</Filter>
    </ClCompile>
    <ClCompile Include="Src\Mesh.cpp">
      <Filter>源文件</Filter>
    </ClCompile>
    <ClCompile Include="Src\Matrix.cpp">
      <Filter>源文件</Filter>
    </ClCompile>
    <ClCompile Include="Src\Quaternion.cpp">
      <Filter>源文件</Filter>
    </ClCompile>
    <ClCompile Include="Src\Vector.cpp">
      <Filter>源文件</Filter>
    </ClCompile>
  </ItemGroup>
  <ItemGroup>
    <ResourceCompile Include="JustEngine.rc">
      <Filter>资源文件</Filter>
    </ResourceCompile>
  </ItemGroup>
  <ItemGroup>
    <None Include="JustEngine.aps" />
  </ItemGroup>
</Project>